
Microsoft Visual Studio Solution File, Format Version 12.00
# Visual Studio Version 17
VisualStudioVersion = 17.7.34031.279
MinimumVisualStudioVersion = 10.0.40219.1
Project("{FAE04EC0-301F-11D3-BF4B-00C04F79EFBC}") = "WpfApp5_CopyPrelim", "WpfApp5_CopyPrelim\WpfApp5_CopyPrelim.csproj", "{EAC7A54B-3850-4E6E-AEBB-D38F682AFEE6}"
EndProject
Global
	GlobalSection(SolutionConfigurationPlatforms) = preSolution
		Debug|Any CPU = Debug|Any CPU
		Release|Any CPU = Release|Any CPU
	EndGlobalSection
	GlobalSection(ProjectConfigurationPlatforms) = postSolution
		{EAC7A54B-3850-4E6E-AEBB-D38F682AFEE6}.Debug|Any CPU.ActiveCfg = Debug|Any CPU
		{EAC7A54B-3850-4E6E-AEBB-D38F682AFEE6}.Debug|Any CPU.Build.0 = Debug|Any CPU
		{EAC7A54B-3850-4E6E-AEBB-D38F682AFEE6}.Release|Any CPU.ActiveCfg = Release|Any CPU
		{EAC7A54B-3850-4E6E-AEBB-D38F682AFEE6}.Release|Any CPU.Build.0 = Release|Any CPU
	EndGlobalSection
	GlobalSection(SolutionProperties) = preSolution
		HideSolutionNode = FALSE
	EndGlobalSection
	GlobalSection(ExtensibilityGlobals) = postSolution
		SolutionGuid = {7425F2A3-5AB5-4F8A-95D1-CAB430392E9E}
	EndGlobalSection
EndGlobal
